{
  "name": "@jmarioste/codebox",
  "version": "1.0.0",
  "lockfileVersion": 3,
  "requires": true,
  "packages": {
    "": {
      "name": "@jmarioste/codebox",
      "version": "1.0.0",
      "license": "MIT",
      "dependencies": {
        "@editorjs/editorjs": "^2.22.0",
        "prismjs": "^1.25.0"
      },
      "devDependencies": {
        "@types/node": "^22.10.2",
        "@types/prismjs": "^1.26.5",
        "typescript": "^4.5.0"
      }
    },
    "node_modules/@editorjs/editorjs": {
      "version": "2.30.7",
      "resolved": "https://registry.npmjs.org/@editorjs/editorjs/-/editorjs-2.30.7.tgz",
      "integrity": "sha512-FfdeUqrgcKWC+Cy2GW6Dxup6s2TaRKokR4FL+HKXshu6h9Y//rrx4SQkURgkZOCSbV77t9btbmAXdFXWGB+diw==",
      "license": "Apache-2.0"
    },
    "node_modules/@types/node": {
      "version": "22.10.2",
      "resolved": "https://registry.npmjs.org/@types/node/-/node-22.10.2.tgz",
      "integrity": "sha512-Xxr6BBRCAOQixvonOye19wnzyDiUtTeqldOOmj3CkeblonbccA12PFwlufvRdrpjXxqnmUaeiU5EOA+7s5diUQ==",
      "dev": true,
      "license": "MIT",
      "dependencies": {
        "undici-types": "~6.20.0"
      }
    },
    "node_modules/@types/prismjs": {
      "version": "1.26.5",
      "resolved": "https://registry.npmjs.org/@types/prismjs/-/prismjs-1.26.5.tgz",
      "integrity": "sha512-AUZTa7hQ2KY5L7AmtSiqxlhWxb4ina0yd8hNbl4TWuqnv/pFP0nDMb3YrfSBf4hJVGLh2YEIBfKaBW/9UEl6IQ==",
      "dev": true,
      "license": "MIT"
    },
    "node_modules/prismjs": {
      "version": "1.29.0",
      "resolved": "https://registry.npmjs.org/prismjs/-/prismjs-1.29.0.tgz",
      "integrity": "sha512-Kx/1w86q/epKcmte75LNrEoT+lX8pBpavuAbvJWRXar7Hz8jrtF+e3vY751p0R8H9HdArwaCTNDDzHg/ScJK1Q==",
      "license": "MIT",
      "engines": {
        "node": ">=6"
      }
    },
    "node_modules/typescript": {
      "version": "4.9.5",
      "resolved": "https://registry.npmjs.org/typescript/-/typescript-4.9.5.tgz",
      "integrity": "sha512-1FXk9E2Hm+QzZQ7z+McJiHL4NW1F2EzMu9Nq9i3zAaGqibafqYwCVU6WyWAuyQRRzOlxou8xZSyXLEN8oKj24g==",
      "dev": true,
      "license": "Apache-2.0",
      "bin": {
        "tsc": "bin/tsc",
        "tsserver": "bin/tsserver"
      },
      "engines": {
        "node": ">=4.2.0"
      }
    },
    "node_modules/undici-types": {
      "version": "6.20.0",
      "resolved": "https://registry.npmjs.org/undici-types/-/undici-types-6.20.0.tgz",
      "integrity": "sha512-Ny6QZ2Nju20vw1SRHe3d9jVu6gJ+4e3+MMpqu7pqE5HT6WsTSlce++GQmK5UXS8mzV8DSYHrQH+Xrf2jVcuKNg==",
      "dev": true,
      "license": "MIT"
    }
  }
}
